<?xml version="1.0" encoding="utf-8"?>
<Project ToolsVersion="4.0" xmlns="http://schemas.microsoft.com/developer/msbuild/2003">
  <ItemGroup>
    <Filter Include="源文件">
      <UniqueIdentifier>{5a3cdb1f-ab44-45a7-8be3-1fcc79dd2607}</UniqueIdentifier>
    </Filter>
    <Filter Include="生成的文件">
      <UniqueIdentifier>{5f1afe4b-6873-4f41-8ba5-6aa7aeec4e12}</UniqueIdentifier>
      <SourceControlFiles>False</SourceControlFiles>
    </Filter>
  </ItemGroup>
  <ItemGroup>
    <None Include="SigGenps.def" />
  </ItemGroup>
  <ItemGroup>
    <ClCompile Include="SigGen_i.c">
      <Filter>生成的文件</Filter>
    </ClCompile>
    <ClCompile Include="SigGen_p.c">
      <Filter>生成的文件</Filter>
    </ClCompile>
    <ClCompile Include="dlldata.c">
      <Filter>生成的文件</Filter>
    </ClCompile>
  </ItemGroup>
</Project>